
Microsoft Visual Studio Solution File, Format Version 12.00
# Visual Studio 15
VisualStudioVersion = 15.0.28307.489
MinimumVisualStudioVersion = 10.0.40219.1
Project("{FAE04EC0-301F-11D3-BF4B-00C04F79EFBC}") = "UniKayit", "UniKayit\UniKayit.csproj", "{F9463A22-24B7-488E-8AB3-761736A96EE0}"
EndProject
Global
	GlobalSection(SolutionConfigurationPlatforms) = preSolution
		Debug|Any CPU = Debug|Any CPU
		Release|Any CPU = Release|Any CPU
	EndGlobalSection
	GlobalSection(ProjectConfigurationPlatforms) = postSolution
		{F9463A22-24B7-488E-8AB3-761736A96EE0}.Debug|Any CPU.ActiveCfg = Debug|Any CPU
		{F9463A22-24B7-488E-8AB3-761736A96EE0}.Debug|Any CPU.Build.0 = Debug|Any CPU
		{F9463A22-24B7-488E-8AB3-761736A96EE0}.Release|Any CPU.ActiveCfg = Release|Any CPU
		{F9463A22-24B7-488E-8AB3-761736A96EE0}.Release|Any CPU.Build.0 = Release|Any CPU
	EndGlobalSection
	GlobalSection(SolutionProperties) = preSolution
		HideSolutionNode = FALSE
	EndGlobalSection
	GlobalSection(ExtensibilityGlobals) = postSolution
		SolutionGuid = {D51E48EB-5353-4BF1-AA98-210743046921}
	EndGlobalSection
EndGlobal
