
Microsoft Visual Studio Solution File, Format Version 12.00
# Visual Studio 15
VisualStudioVersion = 15.0.28307.489
MinimumVisualStudioVersion = 10.0.40219.1
Project("{FAE04EC0-301F-11D3-BF4B-00C04F79EFBC}") = "ConsoleApp1", "ConsoleApp1\ConsoleApp1.csproj", "{ACADF1EE-4D67-4B18-8908-B400E1A8A65D}"
EndProject
Global
	GlobalSection(SolutionConfigurationPlatforms) = preSolution
		Debug|Any CPU = Debug|Any CPU
		Release|Any CPU = Release|Any CPU
	EndGlobalSection
	GlobalSection(ProjectConfigurationPlatforms) = postSolution
		{ACADF1EE-4D67-4B18-8908-B400E1A8A65D}.Debug|Any CPU.ActiveCfg = Debug|Any CPU
		{ACADF1EE-4D67-4B18-8908-B400E1A8A65D}.Debug|Any CPU.Build.0 = Debug|Any CPU
		{ACADF1EE-4D67-4B18-8908-B400E1A8A65D}.Release|Any CPU.ActiveCfg = Release|Any CPU
		{ACADF1EE-4D67-4B18-8908-B400E1A8A65D}.Release|Any CPU.Build.0 = Release|Any CPU
	EndGlobalSection
	GlobalSection(SolutionProperties) = preSolution
		HideSolutionNode = FALSE
	EndGlobalSection
	GlobalSection(ExtensibilityGlobals) = postSolution
		SolutionGuid = {E1300C33-93D0-4CD2-A6E3-E4BF7919B1D2}
	EndGlobalSection
EndGlobal
